// !$*UTF8*$!
{
	archiveVersion = 1;
	classes = {
	};
	objectVersion = 46;
	objects = {

/* Begin PBXBuildFile section */
		603EAA471EA84D3C00AA97CE /* AppDelegate.swift in Sources */ = {isa = PBXBuildFile; fileRef = 603EAA461EA84D3C00AA97CE /* AppDelegate.swift */; };
		603EAA491EA84D3C00AA97CE /* ViewController.swift in Sources */ = {isa = PBXBuildFile; fileRef = 603EAA481EA84D3C00AA97CE /* ViewController.swift */; };
		603EAA4C1EA84D3C00AA97CE /* Main.storyboard in Resources */ = {isa = PBXBuildFile; fileRef = 603EAA4A1EA84D3C00AA97CE /* Main.storyboard */; };
		603EAA4F1EA84D3C00AA97CE /* SudokuBuddy.xcdatamodeld in Sources */ = {isa = PBXBuildFile; fileRef = 603EAA4D1EA84D3C00AA97CE /* SudokuBuddy.xcdatamodeld */; };
		603EAA511EA84D3C00AA97CE /* Assets.xcassets in Resources */ = {isa = PBXBuildFile; fileRef = 603EAA501EA84D3C00AA97CE /* Assets.xcassets */; };
		603EAA541EA84D3C00AA97CE /* LaunchScreen.storyboard in Resources */ = {isa = PBXBuildFile; fileRef = 603EAA521EA84D3C00AA97CE /* LaunchScreen.storyboard */; };
		603EAA5F1EA84D3C00AA97CE /* SudokuBuddyTests.swift in Sources */ = {isa = PBXBuildFile; fileRef = 603EAA5E1EA84D3C00AA97CE /* SudokuBuddyTests.swift */; };
		603EAA6A1EA84D3C00AA97CE /* SudokuBuddyUITests.swift in Sources */ = {isa = PBXBuildFile; fileRef = 603EAA691EA84D3C00AA97CE /* SudokuBuddyUITests.swift */; };
		603EAA781EA853DB00AA97CE /* ScannerViewController.swift in Sources */ = {isa = PBXBuildFile; fileRef = 603EAA771EA853DB00AA97CE /* ScannerViewController.swift */; };
		606385211EC3C7BE003976A9 /* UIImage.swift in Sources */ = {isa = PBXBuildFile; fileRef = 606385201EC3C7BE003976A9 /* UIImage.swift */; };
		6063852A1EC40A80003976A9 /* img30.png in Resources */ = {isa = PBXBuildFile; fileRef = 606385291EC40A80003976A9 /* img30.png */; };
		6063852C1EC40A96003976A9 /* img40.png in Resources */ = {isa = PBXBuildFile; fileRef = 6063852B1EC40A96003976A9 /* img40.png */; };
		6063852E1EC40AAA003976A9 /* img50.png in Resources */ = {isa = PBXBuildFile; fileRef = 6063852D1EC40AAA003976A9 /* img50.png */; };
		606385301EC40ABB003976A9 /* img60.png in Resources */ = {isa = PBXBuildFile; fileRef = 6063852F1EC40ABB003976A9 /* img60.png */; };
		606385321EC40AD1003976A9 /* img70.png in Resources */ = {isa = PBXBuildFile; fileRef = 606385311EC40AD1003976A9 /* img70.png */; };
		606385341EC40AE5003976A9 /* img80.png in Resources */ = {isa = PBXBuildFile; fileRef = 606385331EC40AE5003976A9 /* img80.png */; };
		606385361EC40AFF003976A9 /* img90.png in Resources */ = {isa = PBXBuildFile; fileRef = 606385351EC40AFF003976A9 /* img90.png */; };
		606385381EC40B48003976A9 /* img31.png in Resources */ = {isa = PBXBuildFile; fileRef = 606385371EC40B48003976A9 /* img31.png */; };
		6063853A1EC40B4E003976A9 /* img41.png in Resources */ = {isa = PBXBuildFile; fileRef = 606385391EC40B4E003976A9 /* img41.png */; };
		6063853C1EC40B57003976A9 /* img51.png in Resources */ = {isa = PBXBuildFile; fileRef = 6063853B1EC40B57003976A9 /* img51.png */; };
		6063853E1EC40B5A003976A9 /* img61.png in Resources */ = {isa = PBXBuildFile; fileRef = 6063853D1EC40B5A003976A9 /* img61.png */; };
		606385401EC40B5E003976A9 /* img71.png in Resources */ = {isa = PBXBuildFile; fileRef = 6063853F1EC40B5E003976A9 /* img71.png */; };
		606385421EC40B61003976A9 /* img81.png in Resources */ = {isa = PBXBuildFile; fileRef = 606385411EC40B61003976A9 /* img81.png */; };
		606385441EC40B65003976A9 /* img91.png in Resources */ = {isa = PBXBuildFile; fileRef = 606385431EC40B65003976A9 /* img91.png */; };
		606385461EC40BBA003976A9 /* img32.png in Resources */ = {isa = PBXBuildFile; fileRef = 606385451EC40BBA003976A9 /* img32.png */; };
		606385481EC40BBD003976A9 /* img42.png in Resources */ = {isa = PBXBuildFile; fileRef = 606385471EC40BBD003976A9 /* img42.png */; };
		6063854A1EC40BC0003976A9 /* img52.png in Resources */ = {isa = PBXBuildFile; fileRef = 606385491EC40BC0003976A9 /* img52.png */; };
		6063854C1EC40BC3003976A9 /* img62.png in Resources */ = {isa = PBXBuildFile; fileRef = 6063854B1EC40BC3003976A9 /* img62.png */; };
		6063854E1EC40BC7003976A9 /* img72.png in Resources */ = {isa = PBXBuildFile; fileRef = 6063854D1EC40BC7003976A9 /* img72.png */; };
		606385501EC40BCA003976A9 /* img82.png in Resources */ = {isa = PBXBuildFile; fileRef = 6063854F1EC40BCA003976A9 /* img82.png */; };
		606385521EC40BCD003976A9 /* img92.png in Resources */ = {isa = PBXBuildFile; fileRef = 606385511EC40BCD003976A9 /* img92.png */; };
		606385541EC40C23003976A9 /* img33.png in Resources */ = {isa = PBXBuildFile; fileRef = 606385531EC40C23003976A9 /* img33.png */; };
		606385561EC40C27003976A9 /* img43.png in Resources */ = {isa = PBXBuildFile; fileRef = 606385551EC40C27003976A9 /* img43.png */; };
		606385581EC40C2A003976A9 /* img53.png in Resources */ = {isa = PBXBuildFile; fileRef = 606385571EC40C2A003976A9 /* img53.png */; };
		6063855A1EC40C2F003976A9 /* img63.png in Resources */ = {isa = PBXBuildFile; fileRef = 606385591EC40C2F003976A9 /* img63.png */; };
		6063855C1EC40C32003976A9 /* img73.png in Resources */ = {isa = PBXBuildFile; fileRef = 6063855B1EC40C32003976A9 /* img73.png */; };
		6063855E1EC40C35003976A9 /* img83.png in Resources */ = {isa = PBXBuildFile; fileRef = 6063855D1EC40C35003976A9 /* img83.png */; };
		606385601EC40C3A003976A9 /* img93.png in Resources */ = {isa = PBXBuildFile; fileRef = 6063855F1EC40C3A003976A9 /* img93.png */; };
		606385621EC412F3003976A9 /* PuzzleRecognizer.swift in Sources */ = {isa = PBXBuildFile; fileRef = 606385611EC412F3003976A9 /* PuzzleRecognizer.swift */; };
		606385651EC41B9A003976A9 /* puzzle0.jpg in Resources */ = {isa = PBXBuildFile; fileRef = 606385641EC41B9A003976A9 /* puzzle0.jpg */; };
		606385671EC41BCD003976A9 /* puzzle1.png in Resources */ = {isa = PBXBuildFile; fileRef = 606385661EC41BCD003976A9 /* puzzle1.png */; };
		6063856B1EC41C6F003976A9 /* PuzzleRecognizerTests.swift in Sources */ = {isa = PBXBuildFile; fileRef = 6063856A1EC41C6F003976A9 /* PuzzleRecognizerTests.swift */; };
		6066991C1EBFB0130052D66B /* ImageTrimmer.swift in Sources */ = {isa = PBXBuildFile; fileRef = 6066991B1EBFB0130052D66B /* ImageTrimmer.swift */; };
		6066991E1EBFDD1D0052D66B /* Pixel.swift in Sources */ = {isa = PBXBuildFile; fileRef = 6066991D1EBFDD1D0052D66B /* Pixel.swift */; };
		606699201EBFE8890052D66B /* ImageTrimmerTests.swift in Sources */ = {isa = PBXBuildFile; fileRef = 6066991F1EBFE8890052D66B /* ImageTrimmerTests.swift */; };
		606699231EC14CEC0052D66B /* DigitRecognizerTests.swift in Sources */ = {isa = PBXBuildFile; fileRef = 606699221EC14CEC0052D66B /* DigitRecognizerTests.swift */; };
		608AD6EC1EB5CCB400BC39D4 /* DigitRecognizer.swift in Sources */ = {isa = PBXBuildFile; fileRef = 608AD6EB1EB5CCB400BC39D4 /* DigitRecognizer.swift */; };
		609D33581EC4FD4A000BB832 /* Board.swift in Sources */ = {isa = PBXBuildFile; fileRef = 609D334F1EC4FD4A000BB832 /* Board.swift */; };
		609D335A1EC4FD4A000BB832 /* Cell.swift in Sources */ = {isa = PBXBuildFile; fileRef = 609D33511EC4FD4A000BB832 /* Cell.swift */; };
		609D335B1EC4FD4A000BB832 /* Column.swift in Sources */ = {isa = PBXBuildFile; fileRef = 609D33521EC4FD4A000BB832 /* Column.swift */; };
		609D335D1EC4FD4A000BB832 /* Group.swift in Sources */ = {isa = PBXBuildFile; fileRef = 609D33541EC4FD4A000BB832 /* Group.swift */; };
		609D335E1EC4FD4A000BB832 /* Row.swift in Sources */ = {isa = PBXBuildFile; fileRef = 609D33551EC4FD4A000BB832 /* Row.swift */; };
		609D335F1EC4FD4A000BB832 /* Square.swift in Sources */ = {isa = PBXBuildFile; fileRef = 609D33561EC4FD4A000BB832 /* Square.swift */; };
		609D33601EC4FD4A000BB832 /* Utils.swift in Sources */ = {isa = PBXBuildFile; fileRef = 609D33571EC4FD4A000BB832 /* Utils.swift */; };
		60EEFCFC1EB9423600D3EC43 /* img11.png in Resources */ = {isa = PBXBuildFile; fileRef = 60EEFCF61EB9423600D3EC43 /* img11.png */; };
		60EEFCFD1EB9423600D3EC43 /* img12.png in Resources */ = {isa = PBXBuildFile; fileRef = 60EEFCF71EB9423600D3EC43 /* img12.png */; };
		60EEFCFE1EB9423600D3EC43 /* img13.png in Resources */ = {isa = PBXBuildFile; fileRef = 60EEFCF81EB9423600D3EC43 /* img13.png */; };
		60EEFD011EB9423600D3EC43 /* img10.png in Resources */ = {isa = PBXBuildFile; fileRef = 60EEFCFB1EB9423600D3EC43 /* img10.png */; };
		60EEFD081EB9426000D3EC43 /* img20.png in Resources */ = {isa = PBXBuildFile; fileRef = 60EEFD021EB9426000D3EC43 /* img20.png */; };
		60EEFD091EB9426000D3EC43 /* img21.png in Resources */ = {isa = PBXBuildFile; fileRef = 60EEFD031EB9426000D3EC43 /* img21.png */; };
		60EEFD0A1EB9426000D3EC43 /* img22.png in Resources */ = {isa = PBXBuildFile; fileRef = 60EEFD041EB9426000D3EC43 /* img22.png */; };
		60EEFD0B1EB9426000D3EC43 /* img23.png in Resources */ = {isa = PBXBuildFile; fileRef = 60EEFD051EB9426000D3EC43 /* img23.png */; };
/* End PBXBuildFile section */

/* Begin PBXContainerItemProxy section */
		603EAA5B1EA84D3C00AA97CE /* PBXContainerItemProxy */ = {
			isa = PBXContainerItemProxy;
			containerPortal = 603EAA3B1EA84D3C00AA97CE /* Project object */;
			proxyType = 1;
			remoteGlobalIDString = 603EAA421EA84D3C00AA97CE;
			remoteInfo = SudokuBuddy;
		};
		603EAA661EA84D3C00AA97CE /* PBXContainerItemProxy */ = {
			isa = PBXContainerItemProxy;
			containerPortal = 603EAA3B1EA84D3C00AA97CE /* Project object */;
			proxyType = 1;
			remoteGlobalIDString = 603EAA421EA84D3C00AA97CE;
			remoteInfo = SudokuBuddy;
		};
		609D334C1EC4F0BF000BB832 /* PBXContainerItemProxy */ = {
			isa = PBXContainerItemProxy;
			containerPortal = 609D33481EC4F0BF000BB832 /* SudokuSolver.xcodeproj */;
			proxyType = 2;
			remoteGlobalIDString = 60403C671E0F21B9004E738C;
			remoteInfo = SudokuSolver;
		};
/* End PBXContainerItemProxy section */

/* Begin PBXFileReference section */
		603EAA431EA84D3C00AA97CE /* SudokuBuddy.app */ = {isa = PBXFileReference; explicitFileType = wrapper.application; includeInIndex = 0; path = SudokuBuddy.app; sourceTree = BUILT_PRODUCTS_DIR; };
		603EAA461EA84D3C00AA97CE /* AppDelegate.swift */ = {isa = PBXFileReference; lastKnownFileType = sourcecode.swift; path = AppDelegate.swift; sourceTree = "<group>"; };
		603EAA481EA84D3C00AA97CE /* ViewController.swift */ = {isa = PBXFileReference; lastKnownFileType = sourcecode.swift; path = ViewController.swift; sourceTree = "<group>"; };
		603EAA4B1EA84D3C00AA97CE /* Base */ = {isa = PBXFileReference; lastKnownFileType = file.storyboard; name = Base; path = Base.lproj/Main.storyboard; sourceTree = "<group>"; };
		603EAA4E1EA84D3C00AA97CE /* SudokuBuddy.xcdatamodel */ = {isa = PBXFileReference; lastKnownFileType = wrapper.xcdatamodel; path = SudokuBuddy.xcdatamodel; sourceTree = "<group>"; };
		603EAA501EA84D3C00AA97CE /* Assets.xcassets */ = {isa = PBXFileReference; lastKnownFileType = folder.assetcatalog; path = Assets.xcassets; sourceTree = "<group>"; };
		603EAA531EA84D3C00AA97CE /* Base */ = {isa = PBXFileReference; lastKnownFileType = file.storyboard; name = Base; path = Base.lproj/LaunchScreen.storyboard; sourceTree = "<group>"; };
		603EAA551EA84D3C00AA97CE /* Info.plist */ = {isa = PBXFileReference; lastKnownFileType = text.plist.xml; path = Info.plist; sourceTree = "<group>"; };
		603EAA5A1EA84D3C00AA97CE /* SudokuBuddyTests.xctest */ = {isa = PBXFileReference; explicitFileType = wrapper.cfbundle; includeInIndex = 0; path = SudokuBuddyTests.xctest; sourceTree = BUILT_PRODUCTS_DIR; };
		603EAA5E1EA84D3C00AA97CE /* SudokuBuddyTests.swift */ = {isa = PBXFileReference; lastKnownFileType = sourcecode.swift; path = SudokuBuddyTests.swift; sourceTree = "<group>"; };
		603EAA601EA84D3C00AA97CE /* Info.plist */ = {isa = PBXFileReference; lastKnownFileType = text.plist.xml; path = Info.plist; sourceTree = "<group>"; };
		603EAA651EA84D3C00AA97CE /* SudokuBuddyUITests.xctest */ = {isa = PBXFileReference; explicitFileType = wrapper.cfbundle; includeInIndex = 0; path = SudokuBuddyUITests.xctest; sourceTree = BUILT_PRODUCTS_DIR; };
		603EAA691EA84D3C00AA97CE /* SudokuBuddyUITests.swift */ = {isa = PBXFileReference; lastKnownFileType = sourcecode.swift; path = SudokuBuddyUITests.swift; sourceTree = "<group>"; };
		603EAA6B1EA84D3C00AA97CE /* Info.plist */ = {isa = PBXFileReference; lastKnownFileType = text.plist.xml; path = Info.plist; sourceTree = "<group>"; };
		603EAA771EA853DB00AA97CE /* ScannerViewController.swift */ = {isa = PBXFileReference; fileEncoding = 4; lastKnownFileType = sourcecode.swift; path = ScannerViewController.swift; sourceTree = "<group>"; };
		606385201EC3C7BE003976A9 /* UIImage.swift */ = {isa = PBXFileReference; fileEncoding = 4; lastKnownFileType = sourcecode.swift; name = UIImage.swift; path = ImageRecognizer/UIImage.swift; sourceTree = "<group>"; };
		606385291EC40A80003976A9 /* img30.png */ = {isa = PBXFileReference; lastKnownFileType = image.png; path = img30.png; sourceTree = "<group>"; };
		6063852B1EC40A96003976A9 /* img40.png */ = {isa = PBXFileReference; lastKnownFileType = image.png; path = img40.png; sourceTree = "<group>"; };
		6063852D1EC40AAA003976A9 /* img50.png */ = {isa = PBXFileReference; lastKnownFileType = image.png; path = img50.png; sourceTree = "<group>"; };
		6063852F1EC40ABB003976A9 /* img60.png */ = {isa = PBXFileReference; lastKnownFileType = image.png; path = img60.png; sourceTree = "<group>"; };
		606385311EC40AD1003976A9 /* img70.png */ = {isa = PBXFileReference; lastKnownFileType = image.png; path = img70.png; sourceTree = "<group>"; };
		606385331EC40AE5003976A9 /* img80.png */ = {isa = PBXFileReference; lastKnownFileType = image.png; path = img80.png; sourceTree = "<group>"; };
		606385351EC40AFF003976A9 /* img90.png */ = {isa = PBXFileReference; lastKnownFileType = image.png; path = img90.png; sourceTree = "<group>"; };
		606385371EC40B48003976A9 /* img31.png */ = {isa = PBXFileReference; lastKnownFileType = image.png; path = img31.png; sourceTree = "<group>"; };
		606385391EC40B4E003976A9 /* img41.png */ = {isa = PBXFileReference; lastKnownFileType = image.png; path = img41.png; sourceTree = "<group>"; };
		6063853B1EC40B57003976A9 /* img51.png */ = {isa = PBXFileReference; lastKnownFileType = image.png; path = img51.png; sourceTree = "<group>"; };
		6063853D1EC40B5A003976A9 /* img61.png */ = {isa = PBXFileReference; lastKnownFileType = image.png; path = img61.png; sourceTree = "<group>"; };
		6063853F1EC40B5E003976A9 /* img71.png */ = {isa = PBXFileReference; lastKnownFileType = image.png; path = img71.png; sourceTree = "<group>"; };
		606385411EC40B61003976A9 /* img81.png */ = {isa = PBXFileReference; lastKnownFileType = image.png; path = img81.png; sourceTree = "<group>"; };
		606385431EC40B65003976A9 /* img91.png */ = {isa = PBXFileReference; lastKnownFileType = image.png; path = img91.png; sourceTree = "<group>"; };
		606385451EC40BBA003976A9 /* img32.png */ = {isa = PBXFileReference; lastKnownFileType = image.png; path = img32.png; sourceTree = "<group>"; };
		606385471EC40BBD003976A9 /* img42.png */ = {isa = PBXFileReference; lastKnownFileType = image.png; path = img42.png; sourceTree = "<group>"; };
		606385491EC40BC0003976A9 /* img52.png */ = {isa = PBXFileReference; lastKnownFileType = image.png; path = img52.png; sourceTree = "<group>"; };
		6063854B1EC40BC3003976A9 /* img62.png */ = {isa = PBXFileReference; lastKnownFileType = image.png; path = img62.png; sourceTree = "<group>"; };
		6063854D1EC40BC7003976A9 /* img72.png */ = {isa = PBXFileReference; lastKnownFileType = image.png; path = img72.png; sourceTree = "<group>"; };
		6063854F1EC40BCA003976A9 /* img82.png */ = {isa = PBXFileReference; lastKnownFileType = image.png; path = img82.png; sourceTree = "<group>"; };
		606385511EC40BCD003976A9 /* img92.png */ = {isa = PBXFileReference; lastKnownFileType = image.png; path = img92.png; sourceTree = "<group>"; };
		606385531EC40C23003976A9 /* img33.png */ = {isa = PBXFileReference; lastKnownFileType = image.png; path = img33.png; sourceTree = "<group>"; };
		606385551EC40C27003976A9 /* img43.png */ = {isa = PBXFileReference; lastKnownFileType = image.png; path = img43.png; sourceTree = "<group>"; };
		606385571EC40C2A003976A9 /* img53.png */ = {isa = PBXFileReference; lastKnownFileType = image.png; path = img53.png; sourceTree = "<group>"; };
		606385591EC40C2F003976A9 /* img63.png */ = {isa = PBXFileReference; lastKnownFileType = image.png; path = img63.png; sourceTree = "<group>"; };
		6063855B1EC40C32003976A9 /* img73.png */ = {isa = PBXFileReference; lastKnownFileType = image.png; path = img73.png; sourceTree = "<group>"; };
		6063855D1EC40C35003976A9 /* img83.png */ = {isa = PBXFileReference; lastKnownFileType = image.png; path = img83.png; sourceTree = "<group>"; };
		6063855F1EC40C3A003976A9 /* img93.png */ = {isa = PBXFileReference; lastKnownFileType = image.png; path = img93.png; sourceTree = "<group>"; };
		606385611EC412F3003976A9 /* PuzzleRecognizer.swift */ = {isa = PBXFileReference; fileEncoding = 4; lastKnownFileType = sourcecode.swift; path = PuzzleRecognizer.swift; sourceTree = "<group>"; };
		606385641EC41B9A003976A9 /* puzzle0.jpg */ = {isa = PBXFileReference; lastKnownFileType = image.jpeg; path = puzzle0.jpg; sourceTree = "<group>"; };
		606385661EC41BCD003976A9 /* puzzle1.png */ = {isa = PBXFileReference; lastKnownFileType = image.png; path = puzzle1.png; sourceTree = "<group>"; };
		6063856A1EC41C6F003976A9 /* PuzzleRecognizerTests.swift */ = {isa = PBXFileReference; fileEncoding = 4; lastKnownFileType = sourcecode.swift; path = PuzzleRecognizerTests.swift; sourceTree = "<group>"; };
		6066991B1EBFB0130052D66B /* ImageTrimmer.swift */ = {isa = PBXFileReference; fileEncoding = 4; lastKnownFileType = sourcecode.swift; name = ImageTrimmer.swift; path = ImageRecognizer/ImageTrimmer.swift; sourceTree = "<group>"; };
		6066991D1EBFDD1D0052D66B /* Pixel.swift */ = {isa = PBXFileReference; fileEncoding = 4; lastKnownFileType = sourcecode.swift; path = Pixel.swift; sourceTree = "<group>"; };
		6066991F1EBFE8890052D66B /* ImageTrimmerTests.swift */ = {isa = PBXFileReference; fileEncoding = 4; lastKnownFileType = sourcecode.swift; name = ImageTrimmerTests.swift; path = ImageRecognizer/ImageTrimmerTests.swift; sourceTree = "<group>"; };
		606699221EC14CEC0052D66B /* DigitRecognizerTests.swift */ = {isa = PBXFileReference; fileEncoding = 4; lastKnownFileType = sourcecode.swift; name = DigitRecognizerTests.swift; path = ImageRecognizer/DigitRecognizerTests.swift; sourceTree = "<group>"; };
		608AD6EB1EB5CCB400BC39D4 /* DigitRecognizer.swift */ = {isa = PBXFileReference; fileEncoding = 4; lastKnownFileType = sourcecode.swift; name = DigitRecognizer.swift; path = ImageRecognizer/DigitRecognizer.swift; sourceTree = "<group>"; };
		609D33481EC4F0BF000BB832 /* SudokuSolver.xcodeproj */ = {isa = PBXFileReference; lastKnownFileType = "wrapper.pb-project"; name = SudokuSolver.xcodeproj; path = ../SudokuSolver/SudokuSolver.xcodeproj; sourceTree = "<group>"; };
		609D334F1EC4FD4A000BB832 /* Board.swift */ = {isa = PBXFileReference; fileEncoding = 4; lastKnownFileType = sourcecode.swift; path = Board.swift; sourceTree = "<group>"; };
		609D33511EC4FD4A000BB832 /* Cell.swift */ = {isa = PBXFileReference; fileEncoding = 4; lastKnownFileType = sourcecode.swift; path = Cell.swift; sourceTree = "<group>"; };
		609D33521EC4FD4A000BB832 /* Column.swift */ = {isa = PBXFileReference; fileEncoding = 4; lastKnownFileType = sourcecode.swift; path = Column.swift; sourceTree = "<group>"; };
		609D33541EC4FD4A000BB832 /* Group.swift */ = {isa = PBXFileReference; fileEncoding = 4; lastKnownFileType = sourcecode.swift; path = Group.swift; sourceTree = "<group>"; };
		609D33551EC4FD4A000BB832 /* Row.swift */ = {isa = PBXFileReference; fileEncoding = 4; lastKnownFileType = sourcecode.swift; path = Row.swift; sourceTree = "<group>"; };
		609D33561EC4FD4A000BB832 /* Square.swift */ = {isa = PBXFileReference; fileEncoding = 4; lastKnownFileType = sourcecode.swift; path = Square.swift; sourceTree = "<group>"; };
		609D33571EC4FD4A000BB832 /* Utils.swift */ = {isa = PBXFileReference; fileEncoding = 4; lastKnownFileType = sourcecode.swift; path = Utils.swift; sourceTree = "<group>"; };
		60EEFCF61EB9423600D3EC43 /* img11.png */ = {isa = PBXFileReference; lastKnownFileType = image.png; name = img11.png; path = TrainingData/1/img11.png; sourceTree = SOURCE_ROOT; };
		60EEFCF71EB9423600D3EC43 /* img12.png */ = {isa = PBXFileReference; lastKnownFileType = image.png; name = img12.png; path = TrainingData/1/img12.png; sourceTree = SOURCE_ROOT; };
		60EEFCF81EB9423600D3EC43 /* img13.png */ = {isa = PBXFileReference; lastKnownFileType = image.png; name = img13.png; path = TrainingData/1/img13.png; sourceTree = SOURCE_ROOT; };
		60EEFCFB1EB9423600D3EC43 /* img10.png */ = {isa = PBXFileReference; lastKnownFileType = image.png; name = img10.png; path = TrainingData/1/img10.png; sourceTree = SOURCE_ROOT; };
		60EEFD021EB9426000D3EC43 /* img20.png */ = {isa = PBXFileReference; lastKnownFileType = image.png; name = img20.png; path = TrainingData/2/img20.png; sourceTree = SOURCE_ROOT; };
		60EEFD031EB9426000D3EC43 /* img21.png */ = {isa = PBXFileReference; lastKnownFileType = image.png; name = img21.png; path = TrainingData/2/img21.png; sourceTree = SOURCE_ROOT; };
		60EEFD041EB9426000D3EC43 /* img22.png */ = {isa = PBXFileReference; lastKnownFileType = image.png; name = img22.png; path = TrainingData/2/img22.png; sourceTree = SOURCE_ROOT; };
		60EEFD051EB9426000D3EC43 /* img23.png */ = {isa = PBXFileReference; lastKnownFileType = image.png; name = img23.png; path = TrainingData/2/img23.png; sourceTree = SOURCE_ROOT; };
/* End PBXFileReference section */

/* Begin PBXFrameworksBuildPhase section */
		603EAA401EA84D3C00AA97CE /* Frameworks */ = {
			isa = PBXFrameworksBuildPhase;
			buildActionMask = 2147483647;
			files = (
			);
			runOnlyForDeploymentPostprocessing = 0;
		};
		603EAA571EA84D3C00AA97CE /* Frameworks */ = {
			isa = PBXFrameworksBuildPhase;
			buildActionMask = 2147483647;
			files = (
			);
			runOnlyForDeploymentPostprocessing = 0;
		};
		603EAA621EA84D3C00AA97CE /* Frameworks */ = {
			isa = PBXFrameworksBuildPhase;
			buildActionMask = 2147483647;
			files = (
			);
			runOnlyForDeploymentPostprocessing = 0;
		};
/* End PBXFrameworksBuildPhase section */

/* Begin PBXGroup section */
		603EAA3A1EA84D3C00AA97CE = {
			isa = PBXGroup;
			children = (
				603EAA451EA84D3C00AA97CE /* SudokuBuddy */,
				603EAA5D1EA84D3C00AA97CE /* SudokuBuddyTests */,
				603EAA681EA84D3C00AA97CE /* SudokuBuddyUITests */,
				603EAA441EA84D3C00AA97CE /* Products */,
				609D33471EC4F0BF000BB832 /* Frameworks */,
			);
			sourceTree = "<group>";
		};
		603EAA441EA84D3C00AA97CE /* Products */ = {
			isa = PBXGroup;
			children = (
				603EAA431EA84D3C00AA97CE /* SudokuBuddy.app */,
				603EAA5A1EA84D3C00AA97CE /* SudokuBuddyTests.xctest */,
				603EAA651EA84D3C00AA97CE /* SudokuBuddyUITests.xctest */,
			);
			name = Products;
			sourceTree = "<group>";
		};
		603EAA451EA84D3C00AA97CE /* SudokuBuddy */ = {
			isa = PBXGroup;
			children = (
				606385631EC41B5F003976A9 /* Puzzles */,
				60EEFCDB1EB940C400D3EC43 /* TrainingData */,
				608AD6EA1EB5C98C00BC39D4 /* ImageRecognizer */,
				609D334E1EC4FD04000BB832 /* Solver */,
				603EAA461EA84D3C00AA97CE /* AppDelegate.swift */,
				603EAA481EA84D3C00AA97CE /* ViewController.swift */,
				603EAA4A1EA84D3C00AA97CE /* Main.storyboard */,
				603EAA501EA84D3C00AA97CE /* Assets.xcassets */,
				603EAA521EA84D3C00AA97CE /* LaunchScreen.storyboard */,
				603EAA551EA84D3C00AA97CE /* Info.plist */,
				603EAA4D1EA84D3C00AA97CE /* SudokuBuddy.xcdatamodeld */,
				603EAA771EA853DB00AA97CE /* ScannerViewController.swift */,
			);
			path = SudokuBuddy;
			sourceTree = "<group>";
		};
		603EAA5D1EA84D3C00AA97CE /* SudokuBuddyTests */ = {
			isa = PBXGroup;
			children = (
				603EAA5E1EA84D3C00AA97CE /* SudokuBuddyTests.swift */,
				603EAA601EA84D3C00AA97CE /* Info.plist */,
				606699211EBFE8920052D66B /* ImageRecognizer */,
			);
			path = SudokuBuddyTests;
			sourceTree = "<group>";
		};
		603EAA681EA84D3C00AA97CE /* SudokuBuddyUITests */ = {
			isa = PBXGroup;
			children = (
				603EAA691EA84D3C00AA97CE /* SudokuBuddyUITests.swift */,
				603EAA6B1EA84D3C00AA97CE /* Info.plist */,
			);
			path = SudokuBuddyUITests;
			sourceTree = "<group>";
		};
		606385221EC4060A003976A9 /* 3 */ = {
			isa = PBXGroup;
			children = (
				606385291EC40A80003976A9 /* img30.png */,
				606385371EC40B48003976A9 /* img31.png */,
				606385451EC40BBA003976A9 /* img32.png */,
				606385531EC40C23003976A9 /* img33.png */,
			);
			name = 3;
			sourceTree = "<group>";
		};
		606385231EC40614003976A9 /* 4 */ = {
			isa = PBXGroup;
			children = (
				6063852B1EC40A96003976A9 /* img40.png */,
				606385391EC40B4E003976A9 /* img41.png */,
				606385471EC40BBD003976A9 /* img42.png */,
				606385551EC40C27003976A9 /* img43.png */,
			);
			name = 4;
			sourceTree = "<group>";
		};
		606385241EC4061F003976A9 /* 5 */ = {
			isa = PBXGroup;
			children = (
				6063852D1EC40AAA003976A9 /* img50.png */,
				6063853B1EC40B57003976A9 /* img51.png */,
				606385491EC40BC0003976A9 /* img52.png */,
				606385571EC40C2A003976A9 /* img53.png */,
			);
			name = 5;
			sourceTree = "<group>";
		};
		606385251EC4062B003976A9 /* 6 */ = {
			isa = PBXGroup;
			children = (
				6063852F1EC40ABB003976A9 /* img60.png */,
				6063853D1EC40B5A003976A9 /* img61.png */,
				6063854B1EC40BC3003976A9 /* img62.png */,
				606385591EC40C2F003976A9 /* img63.png */,
			);
			name = 6;
			sourceTree = "<group>";
		};
		606385261EC40638003976A9 /* 7 */ = {
			isa = PBXGroup;
			children = (
				606385311EC40AD1003976A9 /* img70.png */,
				6063853F1EC40B5E003976A9 /* img71.png */,
				6063854D1EC40BC7003976A9 /* img72.png */,
				6063855B1EC40C32003976A9 /* img73.png */,
			);
			name = 7;
			sourceTree = "<group>";
		};
		606385271EC40651003976A9 /* 8 */ = {
			isa = PBXGroup;
			children = (
				606385331EC40AE5003976A9 /* img80.png */,
				606385411EC40B61003976A9 /* img81.png */,
				6063854F1EC40BCA003976A9 /* img82.png */,
				6063855D1EC40C35003976A9 /* img83.png */,
			);
			name = 8;
			sourceTree = "<group>";
		};
		606385281EC4065B003976A9 /* 9 */ = {
			isa = PBXGroup;
			children = (
				606385351EC40AFF003976A9 /* img90.png */,
				606385431EC40B65003976A9 /* img91.png */,
				606385511EC40BCD003976A9 /* img92.png */,
				6063855F1EC40C3A003976A9 /* img93.png */,
			);
			name = 9;
			sourceTree = "<group>";
		};
		606385631EC41B5F003976A9 /* Puzzles */ = {
			isa = PBXGroup;
			children = (
				606385641EC41B9A003976A9 /* puzzle0.jpg */,
				606385661EC41BCD003976A9 /* puzzle1.png */,
			);
			name = Puzzles;
			sourceTree = "<group>";
		};
		606699211EBFE8920052D66B /* ImageRecognizer */ = {
			isa = PBXGroup;
			children = (
				6066991F1EBFE8890052D66B /* ImageTrimmerTests.swift */,
				606699221EC14CEC0052D66B /* DigitRecognizerTests.swift */,
				6063856A1EC41C6F003976A9 /* PuzzleRecognizerTests.swift */,
			);
			name = ImageRecognizer;
			sourceTree = "<group>";
		};
		608AD6EA1EB5C98C00BC39D4 /* ImageRecognizer */ = {
			isa = PBXGroup;
			children = (
				608AD6EB1EB5CCB400BC39D4 /* DigitRecognizer.swift */,
				6066991B1EBFB0130052D66B /* ImageTrimmer.swift */,
				6066991D1EBFDD1D0052D66B /* Pixel.swift */,
				606385201EC3C7BE003976A9 /* UIImage.swift */,
				606385611EC412F3003976A9 /* PuzzleRecognizer.swift */,
			);
			name = ImageRecognizer;
			sourceTree = "<group>";
		};
		609D33471EC4F0BF000BB832 /* Frameworks */ = {
			isa = PBXGroup;
			children = (
				609D33481EC4F0BF000BB832 /* SudokuSolver.xcodeproj */,
			);
			name = Frameworks;
			sourceTree = "<group>";
		};
		609D33491EC4F0BF000BB832 /* Products */ = {
			isa = PBXGroup;
			children = (
				609D334D1EC4F0BF000BB832 /* SudokuSolver */,
			);
			name = Products;
			sourceTree = "<group>";
		};
		609D334E1EC4FD04000BB832 /* Solver */ = {
			isa = PBXGroup;
			children = (
				609D334F1EC4FD4A000BB832 /* Board.swift */,
				609D33511EC4FD4A000BB832 /* Cell.swift */,
				609D33521EC4FD4A000BB832 /* Column.swift */,
				609D33541EC4FD4A000BB832 /* Group.swift */,
				609D33551EC4FD4A000BB832 /* Row.swift */,
				609D33561EC4FD4A000BB832 /* Square.swift */,
				609D33571EC4FD4A000BB832 /* Utils.swift */,
			);
			name = Solver;
			sourceTree = "<group>";
		};
		60EEFCDB1EB940C400D3EC43 /* TrainingData */ = {
			isa = PBXGroup;
			children = (
				60EEFCDC1EB940D400D3EC43 /* 1 */,
				60EEFCE91EB9411700D3EC43 /* 2 */,
				606385221EC4060A003976A9 /* 3 */,
				606385231EC40614003976A9 /* 4 */,
				606385241EC4061F003976A9 /* 5 */,
				606385251EC4062B003976A9 /* 6 */,
				606385261EC40638003976A9 /* 7 */,
				606385271EC40651003976A9 /* 8 */,
				606385281EC4065B003976A9 /* 9 */,
			);
			name = TrainingData;
			sourceTree = "<group>";
		};
		60EEFCDC1EB940D400D3EC43 /* 1 */ = {
			isa = PBXGroup;
			children = (
				60EEFCFB1EB9423600D3EC43 /* img10.png */,
				60EEFCF61EB9423600D3EC43 /* img11.png */,
				60EEFCF71EB9423600D3EC43 /* img12.png */,
				60EEFCF81EB9423600D3EC43 /* img13.png */,
			);
			name = 1;
			sourceTree = "<group>";
		};
		60EEFCE91EB9411700D3EC43 /* 2 */ = {
			isa = PBXGroup;
			children = (
				60EEFD021EB9426000D3EC43 /* img20.png */,
				60EEFD031EB9426000D3EC43 /* img21.png */,
				60EEFD041EB9426000D3EC43 /* img22.png */,
				60EEFD051EB9426000D3EC43 /* img23.png */,
			);
			name = 2;
			sourceTree = "<group>";
		};
/* End PBXGroup section */

/* Begin PBXNativeTarget section */
		603EAA421EA84D3C00AA97CE /* SudokuBuddy */ = {
			isa = PBXNativeTarget;
			buildConfigurationList = 603EAA6E1EA84D3C00AA97CE /* Build configuration list for PBXNativeTarget "SudokuBuddy" */;
			buildPhases = (
				603EAA3F1EA84D3C00AA97CE /* Sources */,
				603EAA401EA84D3C00AA97CE /* Frameworks */,
				603EAA411EA84D3C00AA97CE /* Resources */,
			);
			buildRules = (
			);
			dependencies = (
			);
			name = SudokuBuddy;
			productName = SudokuBuddy;
			productReference = 603EAA431EA84D3C00AA97CE /* SudokuBuddy.app */;
			productType = "com.apple.product-type.application";
		};
		603EAA591EA84D3C00AA97CE /* SudokuBuddyTests */ = {
			isa = PBXNativeTarget;
			buildConfigurationList = 603EAA711EA84D3C00AA97CE /* Build configuration list for PBXNativeTarget "SudokuBuddyTests" */;
			buildPhases = (
				603EAA561EA84D3C00AA97CE /* Sources */,
				603EAA571EA84D3C00AA97CE /* Frameworks */,
				603EAA581EA84D3C00AA97CE /* Resources */,
			);
			buildRules = (
			);
			dependencies = (
				603EAA5C1EA84D3C00AA97CE /* PBXTargetDependency */,
			);
			name = SudokuBuddyTests;
			productName = SudokuBuddyTests;
			productReference = 603EAA5A1EA84D3C00AA97CE /* SudokuBuddyTests.xctest */;
			productType = "com.apple.product-type.bundle.unit-test";
		};
		603EAA641EA84D3C00AA97CE /* SudokuBuddyUITests */ = {
			isa = PBXNativeTarget;
			buildConfigurationList = 603EAA741EA84D3C00AA97CE /* Build configuration list for PBXNativeTarget "SudokuBuddyUITests" */;
			buildPhases = (
				603EAA611EA84D3C00AA97CE /* Sources */,
				603EAA621EA84D3C00AA97CE /* Frameworks */,
				603EAA631EA84D3C00AA97CE /* Resources */,
			);
			buildRules = (
			);
			dependencies = (
				603EAA671EA84D3C00AA97CE /* PBXTargetDependency */,
			);
			name = SudokuBuddyUITests;
			productName = SudokuBuddyUITests;
			productReference = 603EAA651EA84D3C00AA97CE /* SudokuBuddyUITests.xctest */;
			productType = "com.apple.product-type.bundle.ui-testing";
		};
/* End PBXNativeTarget section */

/* Begin PBXProject section */
		603EAA3B1EA84D3C00AA97CE /* Project object */ = {
			isa = PBXProject;
			attributes = {
				LastSwiftUpdateCheck = 0830;
				LastUpgradeCheck = 0830;
				ORGANIZATIONNAME = "Zeppa, LLC";
				TargetAttributes = {
					603EAA421EA84D3C00AA97CE = {
						CreatedOnToolsVersion = 8.3;
						DevelopmentTeam = 384WS8QBWW;
						ProvisioningStyle = Automatic;
					};
					603EAA591EA84D3C00AA97CE = {
						CreatedOnToolsVersion = 8.3;
						DevelopmentTeam = 384WS8QBWW;
						ProvisioningStyle = Automatic;
						TestTargetID = 603EAA421EA84D3C00AA97CE;
					};
					603EAA641EA84D3C00AA97CE = {
						CreatedOnToolsVersion = 8.3;
						DevelopmentTeam = 384WS8QBWW;
						ProvisioningStyle = Automatic;
						TestTargetID = 603EAA421EA84D3C00AA97CE;
					};
				};
			};
			buildConfigurationList = 603EAA3E1EA84D3C00AA97CE /* Build configuration list for PBXProject "SudokuBuddy" */;
			compatibilityVersion = "Xcode 3.2";
			developmentRegion = English;
			hasScannedForEncodings = 0;
			knownRegions = (
				en,
				Base,
			);
			mainGroup = 603EAA3A1EA84D3C00AA97CE;
			productRefGroup = 603EAA441EA84D3C00AA97CE /* Products */;
			projectDirPath = "";
			projectReferences = (
				{
					ProductGroup = 609D33491EC4F0BF000BB832 /* Products */;
					ProjectRef = 609D33481EC4F0BF000BB832 /* SudokuSolver.xcodeproj */;
				},
			);
			projectRoot = "";
			targets = (
				603EAA421EA84D3C00AA97CE /* SudokuBuddy */,
				603EAA591EA84D3C00AA97CE /* SudokuBuddyTests */,
				603EAA641EA84D3C00AA97CE /* SudokuBuddyUITests */,
			);
		};
/* End PBXProject section */

/* Begin PBXReferenceProxy section */
		609D334D1EC4F0BF000BB832 /* SudokuSolver */ = {
			isa = PBXReferenceProxy;
			fileType = "compiled.mach-o.executable";
			path = SudokuSolver;
			remoteRef = 609D334C1EC4F0BF000BB832 /* PBXContainerItemProxy */;
			sourceTree = BUILT_PRODUCTS_DIR;
		};
/* End PBXReferenceProxy section */

/* Begin PBXResourcesBuildPhase section */
		603EAA411EA84D3C00AA97CE /* Resources */ = {
			isa = PBXResourcesBuildPhase;
			buildActionMask = 2147483647;
			files = (
				606385541EC40C23003976A9 /* img33.png in Resources */,
				6063854E1EC40BC7003976A9 /* img72.png in Resources */,
				60EEFD081EB9426000D3EC43 /* img20.png in Resources */,
				60EEFD0B1EB9426000D3EC43 /* img23.png in Resources */,
				60EEFD011EB9423600D3EC43 /* img10.png in Resources */,
				6063855A1EC40C2F003976A9 /* img63.png in Resources */,
				606385361EC40AFF003976A9 /* img90.png in Resources */,
				6063855C1EC40C32003976A9 /* img73.png in Resources */,
				6063853A1EC40B4E003976A9 /* img41.png in Resources */,
				603EAA541EA84D3C00AA97CE /* LaunchScreen.storyboard in Resources */,
				603EAA511EA84D3C00AA97CE /* Assets.xcassets in Resources */,
				606385581EC40C2A003976A9 /* img53.png in Resources */,
				606385301EC40ABB003976A9 /* img60.png in Resources */,
				60EEFCFC1EB9423600D3EC43 /* img11.png in Resources */,
				606385561EC40C27003976A9 /* img43.png in Resources */,
				60EEFCFD1EB9423600D3EC43 /* img12.png in Resources */,
				606385401EC40B5E003976A9 /* img71.png in Resources */,
				6063852C1EC40A96003976A9 /* img40.png in Resources */,
				6063854C1EC40BC3003976A9 /* img62.png in Resources */,
				6063852E1EC40AAA003976A9 /* img50.png in Resources */,
				606385651EC41B9A003976A9 /* puzzle0.jpg in Resources */,
				606385441EC40B65003976A9 /* img91.png in Resources */,
				606385481EC40BBD003976A9 /* img42.png in Resources */,
				603EAA4C1EA84D3C00AA97CE /* Main.storyboard in Resources */,
				6063853C1EC40B57003976A9 /* img51.png in Resources */,
				606385341EC40AE5003976A9 /* img80.png in Resources */,
				60EEFCFE1EB9423600D3EC43 /* img13.png in Resources */,
				606385321EC40AD1003976A9 /* img70.png in Resources */,
				6063855E1EC40C35003976A9 /* img83.png in Resources */,
				6063853E1EC40B5A003976A9 /* img61.png in Resources */,
				606385381EC40B48003976A9 /* img31.png in Resources */,
				60EEFD0A1EB9426000D3EC43 /* img22.png in Resources */,
				6063852A1EC40A80003976A9 /* img30.png in Resources */,
				606385461EC40BBA003976A9 /* img32.png in Resources */,
				606385521EC40BCD003976A9 /* img92.png in Resources */,
				606385501EC40BCA003976A9 /* img82.png in Resources */,
				606385601EC40C3A003976A9 /* img93.png in Resources */,
				60EEFD091EB9426000D3EC43 /* img21.png in Resources */,
				606385421EC40B61003976A9 /* img81.png in Resources */,
				606385671EC41BCD003976A9 /* puzzle1.png in Resources */,
				6063854A1EC40BC0003976A9 /* img52.png in Resources */,
			);
			runOnlyForDeploymentPostprocessing = 0;
		};
		603EAA581EA84D3C00AA97CE /* Resources */ = {
			isa = PBXResourcesBuildPhase;
			buildActionMask = 2147483647;
			files = (
			);
			runOnlyForDeploymentPostprocessing = 0;
		};
		603EAA631EA84D3C00AA97CE /* Resources */ = {
			isa = PBXResourcesBuildPhase;
			buildActionMask = 2147483647;
			files = (
			);
			runOnlyForDeploymentPostprocessing = 0;
		};
/* End PBXResourcesBuildPhase section */

/* Begin PBXSourcesBuildPhase section */
		603EAA3F1EA84D3C00AA97CE /* Sources */ = {
			isa = PBXSourcesBuildPhase;
			buildActionMask = 2147483647;
			files = (
				603EAA491EA84D3C00AA97CE /* ViewController.swift in Sources */,
				603EAA4F1EA84D3C00AA97CE /* SudokuBuddy.xcdatamodeld in Sources */,
				609D33581EC4FD4A000BB832 /* Board.swift in Sources */,
				609D335D1EC4FD4A000BB832 /* Group.swift in Sources */,
				603EAA471EA84D3C00AA97CE /* AppDelegate.swift in Sources */,
				609D335F1EC4FD4A000BB832 /* Square.swift in Sources */,
				608AD6EC1EB5CCB400BC39D4 /* DigitRecognizer.swift in Sources */,
				609D335A1EC4FD4A000BB832 /* Cell.swift in Sources */,
				6066991C1EBFB0130052D66B /* ImageTrimmer.swift in Sources */,
				6066991E1EBFDD1D0052D66B /* Pixel.swift in Sources */,
				609D335B1EC4FD4A000BB832 /* Column.swift in Sources */,
				609D33601EC4FD4A000BB832 /* Utils.swift in Sources */,
				606385211EC3C7BE003976A9 /* UIImage.swift in Sources */,
				606385621EC412F3003976A9 /* PuzzleRecognizer.swift in Sources */,
				609D335E1EC4FD4A000BB832 /* Row.swift in Sources */,
				603EAA781EA853DB00AA97CE /* ScannerViewController.swift in Sources */,
			);
			runOnlyForDeploymentPostprocessing = 0;
		};
		603EAA561EA84D3C00AA97CE /* Sources */ = {
			isa = PBXSourcesBuildPhase;
			buildActionMask = 2147483647;
			files = (
				606699231EC14CEC0052D66B /* DigitRecognizerTests.swift in Sources */,
				606699201EBFE8890052D66B /* ImageTrimmerTests.swift in Sources */,
				603EAA5F1EA84D3C00AA97CE /* SudokuBuddyTests.swift in Sources */,
				6063856B1EC41C6F003976A9 /* PuzzleRecognizerTests.swift in Sources */,
			);
			runOnlyForDeploymentPostprocessing = 0;
		};
		603EAA611EA84D3C00AA97CE /* Sources */ = {
			isa = PBXSourcesBuildPhase;
			buildActionMask = 2147483647;
			files = (
				603EAA6A1EA84D3C00AA97CE /* SudokuBuddyUITests.swift in Sources */,
			);
			runOnlyForDeploymentPostprocessing = 0;
		};
/* End PBXSourcesBuildPhase section */

/* Begin PBXTargetDependency section */
		603EAA5C1EA84D3C00AA97CE /* PBXTargetDependency */ = {
			isa = PBXTargetDependency;
			target = 603EAA421EA84D3C00AA97CE /* SudokuBuddy */;
			targetProxy = 603EAA5B1EA84D3C00AA97CE /* PBXContainerItemProxy */;
		};
		603EAA671EA84D3C00AA97CE /* PBXTargetDependency */ = {
			isa = PBXTargetDependency;
			target = 603EAA421EA84D3C00AA97CE /* SudokuBuddy */;
			targetProxy = 603EAA661EA84D3C00AA97CE /* PBXContainerItemProxy */;
		};
/* End PBXTargetDependency section */

/* Begin PBXVariantGroup section */
		603EAA4A1EA84D3C00AA97CE /* Main.storyboard */ = {
			isa = PBXVariantGroup;
			children = (
				603EAA4B1EA84D3C00AA97CE /* Base */,
			);
			name = Main.storyboard;
			sourceTree = "<group>";
		};
		603EAA521EA84D3C00AA97CE /* LaunchScreen.storyboard */ = {
			isa = PBXVariantGroup;
			children = (
				603EAA531EA84D3C00AA97CE /* Base */,
			);
			name = LaunchScreen.storyboard;
			sourceTree = "<group>";
		};
/* End PBXVariantGroup section */

/* Begin XCBuildConfiguration section */
		603EAA6C1EA84D3C00AA97CE /* Debug */ = {
			isa = XCBuildConfiguration;
			buildSettings = {
				ALWAYS_SEARCH_USER_PATHS = NO;
				CLANG_ANALYZER_NONNULL = YES;
				CLANG_ANALYZER_NUMBER_OBJECT_CONVERSION = YES_AGGRESSIVE;
				CLANG_CXX_LANGUAGE_STANDARD = "gnu++0x";
				CLANG_CXX_LIBRARY = "libc++";
				CLANG_ENABLE_MODULES = YES;
				CLANG_ENABLE_OBJC_ARC = YES;
				CLANG_WARN_BOOL_CONVERSION = YES;
				CLANG_WARN_CONSTANT_CONVERSION = YES;
				CLANG_WARN_DIRECT_OBJC_ISA_USAGE = YES_ERROR;
				CLANG_WARN_DOCUMENTATION_COMMENTS = YES;
				CLANG_WARN_EMPTY_BODY = YES;
				CLANG_WARN_ENUM_CONVERSION = YES;
				CLANG_WARN_INFINITE_RECURSION = YES;
				CLANG_WARN_INT_CONVERSION = YES;
				CLANG_WARN_OBJC_ROOT_CLASS = YES_ERROR;
				CLANG_WARN_SUSPICIOUS_MOVE = YES;
				CLANG_WARN_UNREACHABLE_CODE = YES;
				CLANG_WARN__DUPLICATE_METHOD_MATCH = YES;
				"CODE_SIGN_IDENTITY[sdk=iphoneos*]" = "iPhone Developer";
				COPY_PHASE_STRIP = NO;
				DEBUG_INFORMATION_FORMAT = dwarf;
				ENABLE_STRICT_OBJC_MSGSEND = YES;
				ENABLE_TESTABILITY = YES;
				GCC_C_LANGUAGE_STANDARD = gnu99;
				GCC_DYNAMIC_NO_PIC = NO;
				GCC_NO_COMMON_BLOCKS = YES;
				GCC_OPTIMIZATION_LEVEL = 0;
				GCC_PREPROCESSOR_DEFINITIONS = (
					"DEBUG=1",
					"$(inherited)",
				);
				GCC_WARN_64_TO_32_BIT_CONVERSION = YES;
				GCC_WARN_ABOUT_RETURN_TYPE = YES_ERROR;
				GCC_WARN_UNDECLARED_SELECTOR = YES;
				GCC_WARN_UNINITIALIZED_AUTOS = YES_AGGRESSIVE;
				GCC_WARN_UNUSED_FUNCTION = YES;
				GCC_WARN_UNUSED_VARIABLE = YES;
				IPHONEOS_DEPLOYMENT_TARGET = 10.3;
				MTL_ENABLE_DEBUG_INFO = YES;
				ONLY_ACTIVE_ARCH = YES;
				SDKROOT = iphoneos;
				SWIFT_ACTIVE_COMPILATION_CONDITIONS = DEBUG;
				SWIFT_OPTIMIZATION_LEVEL = "-Onone";
			};
			name = Debug;
		};
		603EAA6D1EA84D3C00AA97CE /* Release */ = {
			isa = XCBuildConfiguration;
			buildSettings = {
				ALWAYS_SEARCH_USER_PATHS = NO;
				CLANG_ANALYZER_NONNULL = YES;
				CLANG_ANALYZER_NUMBER_OBJECT_CONVERSION = YES_AGGRESSIVE;
				CLANG_CXX_LANGUAGE_STANDARD = "gnu++0x";
				CLANG_CXX_LIBRARY = "libc++";
				CLANG_ENABLE_MODULES = YES;
				CLANG_ENABLE_OBJC_ARC = YES;
				CLANG_WARN_BOOL_CONVERSION = YES;
				CLANG_WARN_CONSTANT_CONVERSION = YES;
				CLANG_WARN_DIRECT_OBJC_ISA_USAGE = YES_ERROR;
				CLANG_WARN_DOCUMENTATION_COMMENTS = YES;
				CLANG_WARN_EMPTY_BODY = YES;
				CLANG_WARN_ENUM_CONVERSION = YES;
				CLANG_WARN_INFINITE_RECURSION = YES;
				CLANG_WARN_INT_CONVERSION = YES;
				CLANG_WARN_OBJC_ROOT_CLASS = YES_ERROR;
				CLANG_WARN_SUSPICIOUS_MOVE = YES;
				CLANG_WARN_UNREACHABLE_CODE = YES;
				CLANG_WARN__DUPLICATE_METHOD_MATCH = YES;
				"CODE_SIGN_IDENTITY[sdk=iphoneos*]" = "iPhone Developer";
				COPY_PHASE_STRIP = NO;
				DEBUG_INFORMATION_FORMAT = "dwarf-with-dsym";
				ENABLE_NS_ASSERTIONS = NO;
				ENABLE_STRICT_OBJC_MSGSEND = YES;
				GCC_C_LANGUAGE_STANDARD = gnu99;
				GCC_NO_COMMON_BLOCKS = YES;
				GCC_WARN_64_TO_32_BIT_CONVERSION = YES;
				GCC_WARN_ABOUT_RETURN_TYPE = YES_ERROR;
				GCC_WARN_UNDECLARED_SELECTOR = YES;
				GCC_WARN_UNINITIALIZED_AUTOS = YES_AGGRESSIVE;
				GCC_WARN_UNUSED_FUNCTION = YES;
				GCC_WARN_UNUSED_VARIABLE = YES;
				IPHONEOS_DEPLOYMENT_TARGET = 10.3;
				MTL_ENABLE_DEBUG_INFO = NO;
				SDKROOT = iphoneos;
				SWIFT_OPTIMIZATION_LEVEL = "-Owholemodule";
				VALIDATE_PRODUCT = YES;
			};
			name = Release;
		};
		603EAA6F1EA84D3C00AA97CE /* Debug */ = {
			isa = XCBuildConfiguration;
			buildSettings = {
				ASSETCATALOG_COMPILER_APPICON_NAME = AppIcon;
				DEVELOPMENT_TEAM = 384WS8QBWW;
				INFOPLIST_FILE = SudokuBuddy/Info.plist;
				LD_RUNPATH_SEARCH_PATHS = "$(inherited) @executable_path/Frameworks";
				PRODUCT_BUNDLE_IDENTIFIER = com.zeppatech.SudokuBuddy;
				PRODUCT_NAME = "$(TARGET_NAME)";
				SWIFT_VERSION = 3.0;
			};
			name = Debug;
		};
		603EAA701EA84D3C00AA97CE /* Release */ = {
			isa = XCBuildConfiguration;
			buildSettings = {
				ASSETCATALOG_COMPILER_APPICON_NAME = AppIcon;
				DEVELOPMENT_TEAM = 384WS8QBWW;
				INFOPLIST_FILE = SudokuBuddy/Info.plist;
				LD_RUNPATH_SEARCH_PATHS = "$(inherited) @executable_path/Frameworks";
				PRODUCT_BUNDLE_IDENTIFIER = com.zeppatech.SudokuBuddy;
				PRODUCT_NAME = "$(TARGET_NAME)";
				SWIFT_VERSION = 3.0;
			};
			name = Release;
		};
		603EAA721EA84D3C00AA97CE /* Debug */ = {
			isa = XCBuildConfiguration;
			buildSettings = {
				ALWAYS_EMBED_SWIFT_STANDARD_LIBRARIES = YES;
				BUNDLE_LOADER = "$(TEST_HOST)";
				DEVELOPMENT_TEAM = 384WS8QBWW;
				INFOPLIST_FILE = SudokuBuddyTests/Info.plist;
				LD_RUNPATH_SEARCH_PATHS = "$(inherited) @executable_path/Frameworks @loader_path/Frameworks";
				PRODUCT_BUNDLE_IDENTIFIER = com.zeppatech.SudokuBuddyTests;
				PRODUCT_NAME = "$(TARGET_NAME)";
				SWIFT_VERSION = 3.0;
				TEST_HOST = "$(BUILT_PRODUCTS_DIR)/SudokuBuddy.app/SudokuBuddy";
			};
			name = Debug;
		};
		603EAA731EA84D3C00AA97CE /* Release */ = {
			isa = XCBuildConfiguration;
			buildSettings = {
				ALWAYS_EMBED_SWIFT_STANDARD_LIBRARIES = YES;
				BUNDLE_LOADER = "$(TEST_HOST)";
				DEVELOPMENT_TEAM = 384WS8QBWW;
				INFOPLIST_FILE = SudokuBuddyTests/Info.plist;
				LD_RUNPATH_SEARCH_PATHS = "$(inherited) @executable_path/Frameworks @loader_path/Frameworks";
				PRODUCT_BUNDLE_IDENTIFIER = com.zeppatech.SudokuBuddyTests;
				PRODUCT_NAME = "$(TARGET_NAME)";
				SWIFT_VERSION = 3.0;
				TEST_HOST = "$(BUILT_PRODUCTS_DIR)/SudokuBuddy.app/SudokuBuddy";
			};
			name = Release;
		};
		603EAA751EA84D3C00AA97CE /* Debug */ = {
			isa = XCBuildConfiguration;
			buildSettings = {
				ALWAYS_EMBED_SWIFT_STANDARD_LIBRARIES = YES;
				DEVELOPMENT_TEAM = 384WS8QBWW;
				INFOPLIST_FILE = SudokuBuddyUITests/Info.plist;
				LD_RUNPATH_SEARCH_PATHS = "$(inherited) @executable_path/Frameworks @loader_path/Frameworks";
				PRODUCT_BUNDLE_IDENTIFIER = com.zeppatech.SudokuBuddyUITests;
				PRODUCT_NAME = "$(TARGET_NAME)";
				SWIFT_VERSION = 3.0;
				TEST_TARGET_NAME = SudokuBuddy;
			};
			name = Debug;
		};
		603EAA761EA84D3C00AA97CE /* Release */ = {
			isa = XCBuildConfiguration;
			buildSettings = {
				ALWAYS_EMBED_SWIFT_STANDARD_LIBRARIES = YES;
				DEVELOPMENT_TEAM = 384WS8QBWW;
				INFOPLIST_FILE = SudokuBuddyUITests/Info.plist;
				LD_RUNPATH_SEARCH_PATHS = "$(inherited) @executable_path/Frameworks @loader_path/Frameworks";
				PRODUCT_BUNDLE_IDENTIFIER = com.zeppatech.SudokuBuddyUITests;
				PRODUCT_NAME = "$(TARGET_NAME)";
				SWIFT_VERSION = 3.0;
				TEST_TARGET_NAME = SudokuBuddy;
			};
			name = Release;
		};
/* End XCBuildConfiguration section */

/* Begin XCConfigurationList section */
		603EAA3E1EA84D3C00AA97CE /* Build configuration list for PBXProject "SudokuBuddy" */ = {
			isa = XCConfigurationList;
			buildConfigurations = (
				603EAA6C1EA84D3C00AA97CE /* Debug */,
				603EAA6D1EA84D3C00AA97CE /* Release */,
			);
			defaultConfigurationIsVisible = 0;
			defaultConfigurationName = Release;
		};
		603EAA6E1EA84D3C00AA97CE /* Build configuration list for PBXNativeTarget "SudokuBuddy" */ = {
			isa = XCConfigurationList;
			buildConfigurations = (
				603EAA6F1EA84D3C00AA97CE /* Debug */,
				603EAA701EA84D3C00AA97CE /* Release */,
			);
			defaultConfigurationIsVisible = 0;
			defaultConfigurationName = Release;
		};
		603EAA711EA84D3C00AA97CE /* Build configuration list for PBXNativeTarget "SudokuBuddyTests" */ = {
			isa = XCConfigurationList;
			buildConfigurations = (
				603EAA721EA84D3C00AA97CE /* Debug */,
				603EAA731EA84D3C00AA97CE /* Release */,
			);
			defaultConfigurationIsVisible = 0;
			defaultConfigurationName = Release;
		};
		603EAA741EA84D3C00AA97CE /* Build configuration list for PBXNativeTarget "SudokuBuddyUITests" */ = {
			isa = XCConfigurationList;
			buildConfigurations = (
				603EAA751EA84D3C00AA97CE /* Debug */,
				603EAA761EA84D3C00AA97CE /* Release */,
			);
			defaultConfigurationIsVisible = 0;
			defaultConfigurationName = Release;
		};
/* End XCConfigurationList section */

/* Begin XCVersionGroup section */
		603EAA4D1EA84D3C00AA97CE /* SudokuBuddy.xcdatamodeld */ = {
			isa = XCVersionGroup;
			children = (
				603EAA4E1EA84D3C00AA97CE /* SudokuBuddy.xcdatamodel */,
			);
			currentVersion = 603EAA4E1EA84D3C00AA97CE /* SudokuBuddy.xcdatamodel */;
			path = SudokuBuddy.xcdatamodeld;
			sourceTree = "<group>";
			versionGroupType = wrapper.xcdatamodel;
		};
/* End XCVersionGroup section */
	};
	rootObject = 603EAA3B1EA84D3C00AA97CE /* Project object */;
}
